{
  "requires": true,
  "lockfileVersion": 1,
  "dependencies": {
    "@easepick/amp-plugin": {
      "version": "1.1.7",
      "resolved": "https://registry.npmjs.org/@easepick/amp-plugin/-/amp-plugin-1.1.7.tgz",
      "integrity": "sha512-M4rIpZlhuZyC6hfQ368ohXFZSJdOSERAL9kAtxOG9Xk3pgCaDj/77gkKHDaMlW/d3jHTGhY+NfDRj3IsYGfVQw==",
      "requires": {
        "@easepick/base-plugin": "^1.1.0"
      }
    },
    "@easepick/base-plugin": {
      "version": "1.1.7",
      "resolved": "https://registry.npmjs.org/@easepick/base-plugin/-/base-plugin-1.1.7.tgz",
      "integrity": "sha512-mpBUYSJujcR7HR8tz/HLE27xHDZk/679mGXecFScK4NYgZybS2JjMpZVfCvoCEIYg7Xx5OL2Hhx2HVVVYVMjLQ==",
      "requires": {
        "@easepick/core": "^1.1.0"
      }
    },
    "@easepick/bundle": {
      "version": "1.1.7",
      "resolved": "https://registry.npmjs.org/@easepick/bundle/-/bundle-1.1.7.tgz",
      "integrity": "sha512-VsZZFuozOKQt3U/3uNilP/mj8atpeDGCtIWQ+E6KbDh5YDsTj88+4YAgi3D+ygbNmxMvMwkdh2z+2VAA/K58PA==",
      "requires": {
        "@easepick/amp-plugin": "^1.1.0",
        "@easepick/base-plugin": "^1.1.0",
        "@easepick/core": "^1.1.0",
        "@easepick/datetime": "^1.1.0",
        "@easepick/kbd-plugin": "^1.1.0",
        "@easepick/lock-plugin": "^1.1.0",
        "@easepick/preset-plugin": "^1.1.0",
        "@easepick/range-plugin": "^1.1.0",
        "@easepick/time-plugin": "^1.1.0"
      }
    },
    "@easepick/core": {
      "version": "1.1.7",
      "resolved": "https://registry.npmjs.org/@easepick/core/-/core-1.1.7.tgz",
      "integrity": "sha512-q7Elbb75BN+Nf0KDtRGVG8/pCw2g+fD/pJQZrADhQmR1XtV46GPi6RW83f8pLTrZNsLNrcIUVmoSGdNzfhorjA==",
      "requires": {
        "@easepick/datetime": "^1.1.0"
      }
    },
    "@easepick/datetime": {
      "version": "1.1.7",
      "resolved": "https://registry.npmjs.org/@easepick/datetime/-/datetime-1.1.7.tgz",
      "integrity": "sha512-r7n+dyGg+u+IDUWdYbuzMnCkk0amJjHoLyoz4az9OMdmJcdJzC76+n/Pt8T2KLRoCgxUwi8NEBp5MUaKqagXTw=="
    },
    "@easepick/kbd-plugin": {
      "version": "1.1.7",
      "resolved": "https://registry.npmjs.org/@easepick/kbd-plugin/-/kbd-plugin-1.1.7.tgz",
      "integrity": "sha512-UpLWC7saXLx4u3GJrZwyetIlEVC4EH6nYH1QFLaCnKYV1+FMtgkKA5cRHRKdNaF9flyrEYxozQN+f8yM2O7I7A==",
      "requires": {
        "@easepick/base-plugin": "^1.1.0"
      }
    },
    "@easepick/lock-plugin": {
      "version": "1.1.7",
      "resolved": "https://registry.npmjs.org/@easepick/lock-plugin/-/lock-plugin-1.1.7.tgz",
      "integrity": "sha512-bwynn3w7GC1N5Txi92yPWchDRNvItnGRWgdcqW3uZnw07qNMjk6UuLaKG14uJZhPMl62qiTE7TI2ner0QMMqiQ==",
      "requires": {
        "@easepick/base-plugin": "^1.1.0"
      }
    },
    "@easepick/preset-plugin": {
      "version": "1.1.7",
      "resolved": "https://registry.npmjs.org/@easepick/preset-plugin/-/preset-plugin-1.1.7.tgz",
      "integrity": "sha512-DY+HvwCL1jQXeOE/sW0YNtoPpSv6tDkwqTg8KX8ngBPnfCllJc/eqOpLyKORwG+b+yGgshp9LmajJuRxcGTQng==",
      "requires": {
        "@easepick/base-plugin": "^1.1.0",
        "@easepick/range-plugin": "^1.1.0"
      }
    },
    "@easepick/range-plugin": {
      "version": "1.1.7",
      "resolved": "https://registry.npmjs.org/@easepick/range-plugin/-/range-plugin-1.1.7.tgz",
      "integrity": "sha512-8nrAo9eWr+2j7jL0xKOp/mhk15AzSed2VsHhFtjs6aKdcEnby+TLOlj0oa4yAjZnL+saJKgCzjnbLQkFKRN6gg==",
      "requires": {
        "@easepick/base-plugin": "^1.1.0"
      }
    },
    "@easepick/time-plugin": {
      "version": "1.1.7",
      "resolved": "https://registry.npmjs.org/@easepick/time-plugin/-/time-plugin-1.1.7.tgz",
      "integrity": "sha512-/Zl4hBxs03m0JwhdJWOvv1BcQbAFWGqbgxngblTY6L+3yahQ6EpvAWQdl5uMbL6l8UvZbpBodHTk9ehEPLgTlw==",
      "requires": {
        "@easepick/base-plugin": "^1.1.0"
      }
    }
  }
}
